{
  "name": "mkdistmaps",
  "version": "1.10.0",
  "lockfileVersion": 1,
  "requires": true,
  "dependencies": {
    "@fast-csv/format": {
      "version": "4.2.0",
      "resolved": "https://registry.npmjs.org/@fast-csv/format/-/format-4.2.0.tgz",
      "integrity": "sha512-QGIfmSLYMit2g7aKohc8Bt1Ww86spWnAHBnr66W0qab3SasbrOBWCqNkyjztQQ7ECt5ELXqVu5gj5SvFTHSPmw==",
      "requires": {
        "lodash.escaperegexp": "^4.1.2",
        "lodash.isboolean": "^3.0.3",
        "lodash.isequal": "^4.5.0",
        "lodash.isfunction": "^3.0.9",
        "lodash.isnil": "^4.0.0"
      }
    },
    "@fast-csv/parse": {
      "version": "4.2.0",
      "resolved": "https://registry.npmjs.org/@fast-csv/parse/-/parse-4.2.0.tgz",
      "integrity": "sha512-bdLBb8Qg/jqQNyZYcoNjX5EOvyzYXwAm/5nQOCLTO3h3v6G2nuQFlrDzuoNKSXzCHZDHtvKHHzVVi0EfTD/bZA==",
      "requires": {
        "lodash.escaperegexp": "^4.1.2",
        "lodash.groupby": "^4.6.0",
        "lodash.isfunction": "^3.0.9",
        "lodash.isnil": "^4.0.0",
        "lodash.isundefined": "^3.0.1",
        "lodash.uniq": "^4.5.0"
      }
    },
    "@types/node": {
      "version": "14.0.5",
      "resolved": "https://registry.npmjs.org/@types/node/-/node-14.0.5.tgz",
      "integrity": "sha512-90hiq6/VqtQgX8Sp0EzeIsv3r+ellbGj4URKj5j30tLlZvRUpnAe9YbYnjl3pJM93GyXU0tghHhvXHq+5rnCKA=="
    },
    "balanced-match": {
      "version": "1.0.0",
      "resolved": "https://registry.npmjs.org/balanced-match/-/balanced-match-1.0.0.tgz",
      "integrity": "sha1-ibTRmasr7kneFk6gK4nORi1xt2c="
    },
    "brace-expansion": {
      "version": "1.1.11",
      "resolved": "https://registry.npmjs.org/brace-expansion/-/brace-expansion-1.1.11.tgz",
      "integrity": "sha512-iCuPHDFgrHX7H2vEI/5xpz07zSHB00TpugqhmYtVmMO6518mCuRMoOYFldEBl0g187ufozdaHgWKcYFb61qGiA==",
      "requires": {
        "balanced-match": "^1.0.0",
        "concat-map": "0.0.1"
      }
    },
    "concat-map": {
      "version": "0.0.1",
      "resolved": "https://registry.npmjs.org/concat-map/-/concat-map-0.0.1.tgz",
      "integrity": "sha1-2Klr13/Wjfd5OnMDajug1UBdR3s="
    },
    "fast-csv": {
      "version": "4.2.0",
      "resolved": "https://registry.npmjs.org/fast-csv/-/fast-csv-4.2.0.tgz",
      "integrity": "sha512-Ylnwd+bb09+dB3EzMq4uCuHE9dysc8BmaVZeWQROtRDSXmej6k5WssVCS1Z7aqG4EOn4tCoZs9rLvGtCnMHXMw==",
      "requires": {
        "@fast-csv/format": "4.2.0",
        "@fast-csv/parse": "4.2.0",
        "@types/node": "^14.0.1"
      }
    },
    "filecompare": {
      "version": "1.0.4",
      "resolved": "https://registry.npmjs.org/filecompare/-/filecompare-1.0.4.tgz",
      "integrity": "sha512-Kfqx1EcX+zuixN8jEs52y50mz6XmfZG3msRJx7rFXj4T3oY7SBBHMYimrg8DZJdP2ab1asOMp0mqZlxezbor3w==",
      "requires": {
        "minimist": "^1.2.0"
      }
    },
    "fs.realpath": {
      "version": "1.0.0",
      "resolved": "https://registry.npmjs.org/fs.realpath/-/fs.realpath-1.0.0.tgz",
      "integrity": "sha1-FQStJSMVjKpA20onh8sBQRmU6k8="
    },
    "glob": {
      "version": "7.1.6",
      "resolved": "https://registry.npmjs.org/glob/-/glob-7.1.6.tgz",
      "integrity": "sha512-LwaxwyZ72Lk7vZINtNNrywX0ZuLyStrdDtabefZKAY5ZGJhVtgdznluResxNmPitE0SAO+O26sWTHeKSI2wMBA==",
      "requires": {
        "fs.realpath": "^1.0.0",
        "inflight": "^1.0.4",
        "inherits": "2",
        "minimatch": "^3.0.4",
        "once": "^1.3.0",
        "path-is-absolute": "^1.0.0"
      }
    },
    "inflight": {
      "version": "1.0.6",
      "resolved": "https://registry.npmjs.org/inflight/-/inflight-1.0.6.tgz",
      "integrity": "sha1-Sb1jMdfQLQwJvJEKEHW6gWW1bfk=",
      "requires": {
        "once": "^1.3.0",
        "wrappy": "1"
      }
    },
    "inherits": {
      "version": "2.0.4",
      "resolved": "https://registry.npmjs.org/inherits/-/inherits-2.0.4.tgz",
      "integrity": "sha512-k/vGaX4/Yla3WzyMCvTQOXYeIHvqOKtnqBduzTHpzpQZzAskKMhZ2K+EnBiSM9zGSoIFeMpXKxa4dYeZIQqewQ=="
    },
    "jpeg-js": {
      "version": "0.3.7",
      "resolved": "https://registry.npmjs.org/jpeg-js/-/jpeg-js-0.3.7.tgz",
      "integrity": "sha512-9IXdWudL61npZjvLuVe/ktHiA41iE8qFyLB+4VDTblEsWBzeg8WQTlktdUK4CdncUqtUgUg0bbOmTE2bKBKaBQ=="
    },
    "lodash.escaperegexp": {
      "version": "4.1.2",
      "resolved": "https://registry.npmjs.org/lodash.escaperegexp/-/lodash.escaperegexp-4.1.2.tgz",
      "integrity": "sha1-ZHYsSGGAglGKw99Mz11YhtriA0c="
    },
    "lodash.groupby": {
      "version": "4.6.0",
      "resolved": "https://registry.npmjs.org/lodash.groupby/-/lodash.groupby-4.6.0.tgz",
      "integrity": "sha1-Cwih3PaDl8OXhVwyOXg4Mt90A9E="
    },
    "lodash.isboolean": {
      "version": "3.0.3",
      "resolved": "https://registry.npmjs.org/lodash.isboolean/-/lodash.isboolean-3.0.3.tgz",
      "integrity": "sha1-bC4XHbKiV82WgC/UOwGyDV9YcPY="
    },
    "lodash.isequal": {
      "version": "4.5.0",
      "resolved": "https://registry.npmjs.org/lodash.isequal/-/lodash.isequal-4.5.0.tgz",
      "integrity": "sha1-QVxEePK8wwEgwizhDtMib30+GOA="
    },
    "lodash.isfunction": {
      "version": "3.0.9",
      "resolved": "https://registry.npmjs.org/lodash.isfunction/-/lodash.isfunction-3.0.9.tgz",
      "integrity": "sha512-AirXNj15uRIMMPihnkInB4i3NHeb4iBtNg9WRWuK2o31S+ePwwNmDPaTL3o7dTJ+VXNZim7rFs4rxN4YU1oUJw=="
    },
    "lodash.isnil": {
      "version": "4.0.0",
      "resolved": "https://registry.npmjs.org/lodash.isnil/-/lodash.isnil-4.0.0.tgz",
      "integrity": "sha1-SeKM1VkBNFjIFMVHnTxmOiG/qmw="
    },
    "lodash.isundefined": {
      "version": "3.0.1",
      "resolved": "https://registry.npmjs.org/lodash.isundefined/-/lodash.isundefined-3.0.1.tgz",
      "integrity": "sha1-I+89lTVWUgOmbO/VuDD4SJEa+0g="
    },
    "lodash.uniq": {
      "version": "4.5.0",
      "resolved": "https://registry.npmjs.org/lodash.uniq/-/lodash.uniq-4.5.0.tgz",
      "integrity": "sha1-0CJTc662Uq3BvILklFM5qEJ1R3M="
    },
    "minimatch": {
      "version": "3.0.4",
      "resolved": "https://registry.npmjs.org/minimatch/-/minimatch-3.0.4.tgz",
      "integrity": "sha512-yJHVQEhyqPLUTgt9B83PXu6W3rx4MvvHvSUvToogpwoGDOUQ+yDrR0HRot+yOCdCO7u4hX3pWft6kWBBcqh0UA==",
      "requires": {
        "brace-expansion": "^1.1.7"
      }
    },
    "minimist": {
      "version": "1.2.5",
      "resolved": "https://registry.npmjs.org/minimist/-/minimist-1.2.5.tgz",
      "integrity": "sha512-FM9nNUYrRBAELZQT3xeZQ7fmMOBg6nWNmJKTcgsJeaLstP/UODVpGsr5OhXhhXg6f+qtJ8uiZ+PUxkDWcgIXLw=="
    },
    "moment": {
      "version": "2.26.0",
      "resolved": "https://registry.npmjs.org/moment/-/moment-2.26.0.tgz",
      "integrity": "sha512-oIixUO+OamkUkwjhAVE18rAMfRJNsNe/Stid/gwHSOfHrOtw9EhAY2AHvdKZ/k/MggcYELFCJz/Sn2pL8b8JMw=="
    },
    "once": {
      "version": "1.4.0",
      "resolved": "https://registry.npmjs.org/once/-/once-1.4.0.tgz",
      "integrity": "sha1-WDsap3WWHUsROsF9nFC6753Xa9E=",
      "requires": {
        "wrappy": "1"
      }
    },
    "opentype.js": {
      "version": "0.4.11",
      "resolved": "https://registry.npmjs.org/opentype.js/-/opentype.js-0.4.11.tgz",
      "integrity": "sha1-KBojkGOcwVkxyVXY1jwUp8d3K0E="
    },
    "path-is-absolute": {
      "version": "1.0.1",
      "resolved": "https://registry.npmjs.org/path-is-absolute/-/path-is-absolute-1.0.1.tgz",
      "integrity": "sha1-F0uSaHNVNP+8es5r9TpanhtcX18="
    },
    "pngjs": {
      "version": "3.4.0",
      "resolved": "https://registry.npmjs.org/pngjs/-/pngjs-3.4.0.tgz",
      "integrity": "sha512-NCrCHhWmnQklfH4MtJMRjZ2a8c80qXeMlQMv2uVp9ISJMTt562SbGd6n2oq0PaPgKm7Z6pL9E2UlLIhC+SHL3w=="
    },
    "pureimage": {
      "version": "0.2.1",
      "resolved": "https://registry.npmjs.org/pureimage/-/pureimage-0.2.1.tgz",
      "integrity": "sha512-BBwehZ4RyzGklMvLdTgoix/QfVcY95QuNriaedGxZaNi8aLeGmTeDEJMORdPTNbBFglpEAdo+8hdaZjFdMJ8Jw==",
      "requires": {
        "jpeg-js": "^0.3.3",
        "opentype.js": "^0.4.3",
        "pngjs": "^3.3.1"
      }
    },
    "wrappy": {
      "version": "1.0.2",
      "resolved": "https://registry.npmjs.org/wrappy/-/wrappy-1.0.2.tgz",
      "integrity": "sha1-tSQ9jz7BqjXxNkYFvA0QNuMKtp8="
    }
  }
}
